
Microsoft Visual Studio Solution File, Format Version 12.00
# Visual Studio Version 16
VisualStudioVersion = 16.0.29418.71
MinimumVisualStudioVersion = 10.0.40219.1
Project("{FAE04EC0-301F-11D3-BF4B-00C04F79EFBC}") = "Discord.Bot", "Discord.Bot\Discord.Bot.csproj", "{B0208BF5-4FC8-43CD-AFE9-1E666ECDDB7E}"
EndProject
Global
	GlobalSection(SolutionConfigurationPlatforms) = preSolution
		Debug|Any CPU = Debug|Any CPU
		Release|Any CPU = Release|Any CPU
	EndGlobalSection
	GlobalSection(ProjectConfigurationPlatforms) = postSolution
		{B0208BF5-4FC8-43CD-AFE9-1E666ECDDB7E}.Debug|Any CPU.ActiveCfg = Debug|Any CPU
		{B0208BF5-4FC8-43CD-AFE9-1E666ECDDB7E}.Debug|Any CPU.Build.0 = Debug|Any CPU
		{B0208BF5-4FC8-43CD-AFE9-1E666ECDDB7E}.Release|Any CPU.ActiveCfg = Release|Any CPU
		{B0208BF5-4FC8-43CD-AFE9-1E666ECDDB7E}.Release|Any CPU.Build.0 = Release|Any CPU
	EndGlobalSection
	GlobalSection(SolutionProperties) = preSolution
		HideSolutionNode = FALSE
	EndGlobalSection
	GlobalSection(ExtensibilityGlobals) = postSolution
		SolutionGuid = {464919E3-C87B-4A87-B75C-27F4B294A2C5}
	EndGlobalSection
EndGlobal
